
Microsoft Visual Studio Solution File, Format Version 12.00
# Visual Studio Version 17
VisualStudioVersion = 17.5.002.0
MinimumVisualStudioVersion = 10.0.40219.1
Project("{2150E333-8FDC-42A3-9474-1A3956D46DE8}") = "src", "src", "{671AC40D-1DC9-433D-9E01-7DB1F051DC53}"
EndProject
Project("{9A19103F-16F7-4668-BE54-9A1E7A4F7556}") = "CrackersBot.Core", "src\CrackersBot.Core\CrackersBot.Core.csproj", "{BE0EE2D2-19CB-4A4D-BABC-D6D37F75AF18}"
EndProject
Project("{9A19103F-16F7-4668-BE54-9A1E7A4F7556}") = "CrackersBot.Web", "src\CrackersBot.Web\CrackersBot.Web.csproj", "{F18DFC1A-0206-483B-A684-C3270DA6F62F}"
EndProject
Global
	GlobalSection(SolutionConfigurationPlatforms) = preSolution
		Debug|Any CPU = Debug|Any CPU
		Release|Any CPU = Release|Any CPU
	EndGlobalSection
	GlobalSection(ProjectConfigurationPlatforms) = postSolution
		{BE0EE2D2-19CB-4A4D-BABC-D6D37F75AF18}.Debug|Any CPU.ActiveCfg = Debug|Any CPU
		{BE0EE2D2-19CB-4A4D-BABC-D6D37F75AF18}.Debug|Any CPU.Build.0 = Debug|Any CPU
		{BE0EE2D2-19CB-4A4D-BABC-D6D37F75AF18}.Release|Any CPU.ActiveCfg = Release|Any CPU
		{BE0EE2D2-19CB-4A4D-BABC-D6D37F75AF18}.Release|Any CPU.Build.0 = Release|Any CPU
		{F18DFC1A-0206-483B-A684-C3270DA6F62F}.Debug|Any CPU.ActiveCfg = Debug|Any CPU
		{F18DFC1A-0206-483B-A684-C3270DA6F62F}.Debug|Any CPU.Build.0 = Debug|Any CPU
		{F18DFC1A-0206-483B-A684-C3270DA6F62F}.Release|Any CPU.ActiveCfg = Release|Any CPU
		{F18DFC1A-0206-483B-A684-C3270DA6F62F}.Release|Any CPU.Build.0 = Release|Any CPU
	EndGlobalSection
	GlobalSection(SolutionProperties) = preSolution
		HideSolutionNode = FALSE
	EndGlobalSection
	GlobalSection(NestedProjects) = preSolution
		{BE0EE2D2-19CB-4A4D-BABC-D6D37F75AF18} = {671AC40D-1DC9-433D-9E01-7DB1F051DC53}
		{F18DFC1A-0206-483B-A684-C3270DA6F62F} = {671AC40D-1DC9-433D-9E01-7DB1F051DC53}
	EndGlobalSection
	GlobalSection(ExtensibilityGlobals) = postSolution
		SolutionGuid = {C3A0BE2F-9058-4A8A-93F6-5296199B8724}
	EndGlobalSection
EndGlobal
